// !$*UTF8*$!
{
	archiveVersion = 1;
	classes = {
	};
	objectVersion = 56;
	objects = {

/* Begin PBXBuildFile section */
		75AE11BE2EBDEE0600CD160B /* LandmarksApp.swift in Sources */ = {isa = PBXBuildFile; fileRef = 75AE11BD2EBDEE0600CD160B /* LandmarksApp.swift */; };
		75AE11C02EBDEE0600CD160B /* ContentView.swift in Sources */ = {isa = PBXBuildFile; fileRef = 75AE11BF2EBDEE0600CD160B /* ContentView.swift */; };
		75AE11C22EBDEE0700CD160B /* Assets.xcassets in Resources */ = {isa = PBXBuildFile; fileRef = 75AE11C12EBDEE0700CD160B /* Assets.xcassets */; };
		75AE11C52EBDEE0700CD160B /* Preview Assets.xcassets in Resources */ = {isa = PBXBuildFile; fileRef = 75AE11C42EBDEE0700CD160B /* Preview Assets.xcassets */; };
		75AE11CF2EBDEE0700CD160B /* LandmarksTests.swift in Sources */ = {isa = PBXBuildFile; fileRef = 75AE11CE2EBDEE0700CD160B /* LandmarksTests.swift */; };
		75AE11D92EBDEE0700CD160B /* LandmarksUITests.swift in Sources */ = {isa = PBXBuildFile; fileRef = 75AE11D82EBDEE0700CD160B /* LandmarksUITests.swift */; };
		75AE11DB2EBDEE0700CD160B /* LandmarksUITestsLaunchTests.swift in Sources */ = {isa = PBXBuildFile; fileRef = 75AE11DA2EBDEE0700CD160B /* LandmarksUITestsLaunchTests.swift */; };
		75AE11E82EBDF21500CD160B /* CircleImage.swift in Sources */ = {isa = PBXBuildFile; fileRef = 75AE11E72EBDF21500CD160B /* CircleImage.swift */; };
		75AE11EA2EBDF29E00CD160B /* MapView.swift in Sources */ = {isa = PBXBuildFile; fileRef = 75AE11E92EBDF29E00CD160B /* MapView.swift */; };
		75AE11EC2EBDF8F200CD160B /* landmarkData.json in Resources */ = {isa = PBXBuildFile; fileRef = 75AE11EB2EBDF8F200CD160B /* landmarkData.json */; };
		75AE11F42EBDF9C400CD160B /* ModelData.swift in Sources */ = {isa = PBXBuildFile; fileRef = 75AE11F32EBDF9C400CD160B /* ModelData.swift */; };
		75AE12022EBE000700CD160B /* landmarkData.json in Resources */ = {isa = PBXBuildFile; fileRef = 75AE12012EBE000700CD160B /* landmarkData.json */; };
		75AE12052EBE013400CD160B /* Landmark.swift in Sources */ = {isa = PBXBuildFile; fileRef = 75AE12032EBE006800CD160B /* Landmark.swift */; };
		75AE12092EBE01F100CD160B /* LandmarkRow.swift in Sources */ = {isa = PBXBuildFile; fileRef = 75AE12082EBE01F100CD160B /* LandmarkRow.swift */; };
/* End PBXBuildFile section */

/* Begin PBXContainerItemProxy section */
		75AE11CB2EBDEE0700CD160B /* PBXContainerItemProxy */ = {
			isa = PBXContainerItemProxy;
			containerPortal = 75AE11B22EBDEE0600CD160B /* Project object */;
			proxyType = 1;
			remoteGlobalIDString = 75AE11B92EBDEE0600CD160B;
			remoteInfo = Landmarks;
		};
		75AE11D52EBDEE0700CD160B /* PBXContainerItemProxy */ = {
			isa = PBXContainerItemProxy;
			containerPortal = 75AE11B22EBDEE0600CD160B /* Project object */;
			proxyType = 1;
			remoteGlobalIDString = 75AE11B92EBDEE0600CD160B;
			remoteInfo = Landmarks;
		};
/* End PBXContainerItemProxy section */

/* Begin PBXFileReference section */
		75AE11BA2EBDEE0600CD160B /* Landmarks.app */ = {isa = PBXFileReference; explicitFileType = wrapper.application; includeInIndex = 0; path = Landmarks.app; sourceTree = BUILT_PRODUCTS_DIR; };
		75AE11BD2EBDEE0600CD160B /* LandmarksApp.swift */ = {isa = PBXFileReference; lastKnownFileType = sourcecode.swift; path = LandmarksApp.swift; sourceTree = "<group>"; };
		75AE11BF2EBDEE0600CD160B /* ContentView.swift */ = {isa = PBXFileReference; lastKnownFileType = sourcecode.swift; path = ContentView.swift; sourceTree = "<group>"; };
		75AE11C12EBDEE0700CD160B /* Assets.xcassets */ = {isa = PBXFileReference; lastKnownFileType = folder.assetcatalog; path = Assets.xcassets; sourceTree = "<group>"; };
		75AE11C42EBDEE0700CD160B /* Preview Assets.xcassets */ = {isa = PBXFileReference; lastKnownFileType = folder.assetcatalog; path = "Preview Assets.xcassets"; sourceTree = "<group>"; };
		75AE11CA2EBDEE0700CD160B /* LandmarksTests.xctest */ = {isa = PBXFileReference; explicitFileType = wrapper.cfbundle; includeInIndex = 0; path = LandmarksTests.xctest; sourceTree = BUILT_PRODUCTS_DIR; };
		75AE11CE2EBDEE0700CD160B /* LandmarksTests.swift */ = {isa = PBXFileReference; lastKnownFileType = sourcecode.swift; path = LandmarksTests.swift; sourceTree = "<group>"; };
		75AE11D42EBDEE0700CD160B /* LandmarksUITests.xctest */ = {isa = PBXFileReference; explicitFileType = wrapper.cfbundle; includeInIndex = 0; path = LandmarksUITests.xctest; sourceTree = BUILT_PRODUCTS_DIR; };
		75AE11D82EBDEE0700CD160B /* LandmarksUITests.swift */ = {isa = PBXFileReference; lastKnownFileType = sourcecode.swift; path = LandmarksUITests.swift; sourceTree = "<group>"; };
		75AE11DA2EBDEE0700CD160B /* LandmarksUITestsLaunchTests.swift */ = {isa = PBXFileReference; lastKnownFileType = sourcecode.swift; path = LandmarksUITestsLaunchTests.swift; sourceTree = "<group>"; };
		75AE11E72EBDF21500CD160B /* CircleImage.swift */ = {isa = PBXFileReference; lastKnownFileType = sourcecode.swift; path = CircleImage.swift; sourceTree = "<group>"; };
		75AE11E92EBDF29E00CD160B /* MapView.swift */ = {isa = PBXFileReference; lastKnownFileType = sourcecode.swift; path = MapView.swift; sourceTree = "<group>"; };
		75AE11EB2EBDF8F200CD160B /* landmarkData.json */ = {isa = PBXFileReference; fileEncoding = 4; lastKnownFileType = text.json; path = landmarkData.json; sourceTree = "<group>"; };
		75AE11F32EBDF9C400CD160B /* ModelData.swift */ = {isa = PBXFileReference; lastKnownFileType = sourcecode.swift; path = ModelData.swift; sourceTree = "<group>"; };
		75AE12012EBE000700CD160B /* landmarkData.json */ = {isa = PBXFileReference; fileEncoding = 4; lastKnownFileType = text.json; path = landmarkData.json; sourceTree = "<group>"; };
		75AE12032EBE006800CD160B /* Landmark.swift */ = {isa = PBXFileReference; lastKnownFileType = sourcecode.swift; path = Landmark.swift; sourceTree = "<group>"; };
		75AE12082EBE01F100CD160B /* LandmarkRow.swift */ = {isa = PBXFileReference; lastKnownFileType = sourcecode.swift; path = LandmarkRow.swift; sourceTree = "<group>"; };
/* End PBXFileReference section */

/* Begin PBXFrameworksBuildPhase section */
		75AE11B72EBDEE0600CD160B /* Frameworks */ = {
			isa = PBXFrameworksBuildPhase;
			buildActionMask = 2147483647;
			files = (
			);
			runOnlyForDeploymentPostprocessing = 0;
		};
		75AE11C72EBDEE0700CD160B /* Frameworks */ = {
			isa = PBXFrameworksBuildPhase;
			buildActionMask = 2147483647;
			files = (
			);
			runOnlyForDeploymentPostprocessing = 0;
		};
		75AE11D12EBDEE0700CD160B /* Frameworks */ = {
			isa = PBXFrameworksBuildPhase;
			buildActionMask = 2147483647;
			files = (
			);
			runOnlyForDeploymentPostprocessing = 0;
		};
/* End PBXFrameworksBuildPhase section */

/* Begin PBXGroup section */
		75AE11B12EBDEE0600CD160B = {
			isa = PBXGroup;
			children = (
				75AE11BC2EBDEE0600CD160B /* Landmarks */,
				75AE11CD2EBDEE0700CD160B /* LandmarksTests */,
				75AE11D72EBDEE0700CD160B /* LandmarksUITests */,
				75AE11BB2EBDEE0600CD160B /* Products */,
			);
			sourceTree = "<group>";
		};
		75AE11BB2EBDEE0600CD160B /* Products */ = {
			isa = PBXGroup;
			children = (
				75AE11BA2EBDEE0600CD160B /* Landmarks.app */,
				75AE11CA2EBDEE0700CD160B /* LandmarksTests.xctest */,
				75AE11D42EBDEE0700CD160B /* LandmarksUITests.xctest */,
			);
			name = Products;
			sourceTree = "<group>";
		};
		75AE11BC2EBDEE0600CD160B /* Landmarks */ = {
			isa = PBXGroup;
			children = (
				75AE11BD2EBDEE0600CD160B /* LandmarksApp.swift */,
				75AE11F82EBDFB1F00CD160B /* views */,
				75AE11F62EBDFAAA00CD160B /* Model */,
				75AE11F52EBDFA6600CD160B /* Resources */,
				75AE11C12EBDEE0700CD160B /* Assets.xcassets */,
				75AE11C32EBDEE0700CD160B /* Preview Content */,
			);
			path = Landmarks;
			sourceTree = "<group>";
		};
		75AE11C32EBDEE0700CD160B /* Preview Content */ = {
			isa = PBXGroup;
			children = (
				75AE11C42EBDEE0700CD160B /* Preview Assets.xcassets */,
			);
			path = "Preview Content";
			sourceTree = "<group>";
		};
		75AE11CD2EBDEE0700CD160B /* LandmarksTests */ = {
			isa = PBXGroup;
			children = (
				75AE11CE2EBDEE0700CD160B /* LandmarksTests.swift */,
			);
			path = LandmarksTests;
			sourceTree = "<group>";
		};
		75AE11D72EBDEE0700CD160B /* LandmarksUITests */ = {
			isa = PBXGroup;
			children = (
				75AE11EB2EBDF8F200CD160B /* landmarkData.json */,
				75AE11D82EBDEE0700CD160B /* LandmarksUITests.swift */,
				75AE11DA2EBDEE0700CD160B /* LandmarksUITestsLaunchTests.swift */,
			);
			path = LandmarksUITests;
			sourceTree = "<group>";
		};
		75AE11F52EBDFA6600CD160B /* Resources */ = {
			isa = PBXGroup;
			children = (
				75AE12012EBE000700CD160B /* landmarkData.json */,
			);
			path = Resources;
			sourceTree = "<group>";
		};
		75AE11F62EBDFAAA00CD160B /* Model */ = {
			isa = PBXGroup;
			children = (
				75AE12032EBE006800CD160B /* Landmark.swift */,
				75AE11F32EBDF9C400CD160B /* ModelData.swift */,
			);
			path = Model;
			sourceTree = "<group>";
		};
		75AE11F82EBDFB1F00CD160B /* views */ = {
			isa = PBXGroup;
			children = (
				75AE11BF2EBDEE0600CD160B /* ContentView.swift */,
				75AE11E72EBDF21500CD160B /* CircleImage.swift */,
				75AE11E92EBDF29E00CD160B /* MapView.swift */,
				75AE12082EBE01F100CD160B /* LandmarkRow.swift */,
			);
			path = views;
			sourceTree = "<group>";
		};
/* End PBXGroup section */

/* Begin PBXNativeTarget section */
		75AE11B92EBDEE0600CD160B /* Landmarks */ = {
			isa = PBXNativeTarget;
			buildConfigurationList = 75AE11DE2EBDEE0700CD160B /* Build configuration list for PBXNativeTarget "Landmarks" */;
			buildPhases = (
				75AE11B62EBDEE0600CD160B /* Sources */,
				75AE11B72EBDEE0600CD160B /* Frameworks */,
				75AE11B82EBDEE0600CD160B /* Resources */,
			);
			buildRules = (
			);
			dependencies = (
			);
			name = Landmarks;
			productName = Landmarks;
			productReference = 75AE11BA2EBDEE0600CD160B /* Landmarks.app */;
			productType = "com.apple.product-type.application";
		};
		75AE11C92EBDEE0700CD160B /* LandmarksTests */ = {
			isa = PBXNativeTarget;
			buildConfigurationList = 75AE11E12EBDEE0700CD160B /* Build configuration list for PBXNativeTarget "LandmarksTests" */;
			buildPhases = (
				75AE11C62EBDEE0700CD160B /* Sources */,
				75AE11C72EBDEE0700CD160B /* Frameworks */,
				75AE11C82EBDEE0700CD160B /* Resources */,
			);
			buildRules = (
			);
			dependencies = (
				75AE11CC2EBDEE0700CD160B /* PBXTargetDependency */,
			);
			name = LandmarksTests;
			productName = LandmarksTests;
			productReference = 75AE11CA2EBDEE0700CD160B /* LandmarksTests.xctest */;
			productType = "com.apple.product-type.bundle.unit-test";
		};
		75AE11D32EBDEE0700CD160B /* LandmarksUITests */ = {
			isa = PBXNativeTarget;
			buildConfigurationList = 75AE11E42EBDEE0700CD160B /* Build configuration list for PBXNativeTarget "LandmarksUITests" */;
			buildPhases = (
				75AE11D02EBDEE0700CD160B /* Sources */,
				75AE11D12EBDEE0700CD160B /* Frameworks */,
				75AE11D22EBDEE0700CD160B /* Resources */,
			);
			buildRules = (
			);
			dependencies = (
				75AE11D62EBDEE0700CD160B /* PBXTargetDependency */,
			);
			name = LandmarksUITests;
			productName = LandmarksUITests;
			productReference = 75AE11D42EBDEE0700CD160B /* LandmarksUITests.xctest */;
			productType = "com.apple.product-type.bundle.ui-testing";
		};
/* End PBXNativeTarget section */

/* Begin PBXProject section */
		75AE11B22EBDEE0600CD160B /* Project object */ = {
			isa = PBXProject;
			attributes = {
				BuildIndependentTargetsInParallel = 1;
				LastSwiftUpdateCheck = 1520;
				LastUpgradeCheck = 1520;
				TargetAttributes = {
					75AE11B92EBDEE0600CD160B = {
						CreatedOnToolsVersion = 15.2;
					};
					75AE11C92EBDEE0700CD160B = {
						CreatedOnToolsVersion = 15.2;
						TestTargetID = 75AE11B92EBDEE0600CD160B;
					};
					75AE11D32EBDEE0700CD160B = {
						CreatedOnToolsVersion = 15.2;
						TestTargetID = 75AE11B92EBDEE0600CD160B;
					};
				};
			};
			buildConfigurationList = 75AE11B52EBDEE0600CD160B /* Build configuration list for PBXProject "Landmarks" */;
			compatibilityVersion = "Xcode 14.0";
			developmentRegion = en;
			hasScannedForEncodings = 0;
			knownRegions = (
				en,
				Base,
			);
			mainGroup = 75AE11B12EBDEE0600CD160B;
			productRefGroup = 75AE11BB2EBDEE0600CD160B /* Products */;
			projectDirPath = "";
			projectRoot = "";
			targets = (
				75AE11B92EBDEE0600CD160B /* Landmarks */,
				75AE11C92EBDEE0700CD160B /* LandmarksTests */,
				75AE11D32EBDEE0700CD160B /* LandmarksUITests */,
			);
		};
/* End PBXProject section */

/* Begin PBXResourcesBuildPhase section */
		75AE11B82EBDEE0600CD160B /* Resources */ = {
			isa = PBXResourcesBuildPhase;
			buildActionMask = 2147483647;
			files = (
				75AE11C52EBDEE0700CD160B /* Preview Assets.xcassets in Resources */,
				75AE11C22EBDEE0700CD160B /* Assets.xcassets in Resources */,
				75AE12022EBE000700CD160B /* landmarkData.json in Resources */,
			);
			runOnlyForDeploymentPostprocessing = 0;
		};
		75AE11C82EBDEE0700CD160B /* Resources */ = {
			isa = PBXResourcesBuildPhase;
			buildActionMask = 2147483647;
			files = (
			);
			runOnlyForDeploymentPostprocessing = 0;
		};
		75AE11D22EBDEE0700CD160B /* Resources */ = {
			isa = PBXResourcesBuildPhase;
			buildActionMask = 2147483647;
			files = (
				75AE11EC2EBDF8F200CD160B /* landmarkData.json in Resources */,
			);
			runOnlyForDeploymentPostprocessing = 0;
		};
/* End PBXResourcesBuildPhase section */

/* Begin PBXSourcesBuildPhase section */
		75AE11B62EBDEE0600CD160B /* Sources */ = {
			isa = PBXSourcesBuildPhase;
			buildActionMask = 2147483647;
			files = (
				75AE11C02EBDEE0600CD160B /* ContentView.swift in Sources */,
				75AE11EA2EBDF29E00CD160B /* MapView.swift in Sources */,
				75AE12092EBE01F100CD160B /* LandmarkRow.swift in Sources */,
				75AE11BE2EBDEE0600CD160B /* LandmarksApp.swift in Sources */,
				75AE11E82EBDF21500CD160B /* CircleImage.swift in Sources */,
			);
			runOnlyForDeploymentPostprocessing = 0;
		};
		75AE11C62EBDEE0700CD160B /* Sources */ = {
			isa = PBXSourcesBuildPhase;
			buildActionMask = 2147483647;
			files = (
				75AE11CF2EBDEE0700CD160B /* LandmarksTests.swift in Sources */,
			);
			runOnlyForDeploymentPostprocessing = 0;
		};
		75AE11D02EBDEE0700CD160B /* Sources */ = {
			isa = PBXSourcesBuildPhase;
			buildActionMask = 2147483647;
			files = (
				75AE11DB2EBDEE0700CD160B /* LandmarksUITestsLaunchTests.swift in Sources */,
				75AE11F42EBDF9C400CD160B /* ModelData.swift in Sources */,
				75AE11D92EBDEE0700CD160B /* LandmarksUITests.swift in Sources */,
				75AE12052EBE013400CD160B /* Landmark.swift in Sources */,
			);
			runOnlyForDeploymentPostprocessing = 0;
		};
/* End PBXSourcesBuildPhase section */

/* Begin PBXTargetDependency section */
		75AE11CC2EBDEE0700CD160B /* PBXTargetDependency */ = {
			isa = PBXTargetDependency;
			target = 75AE11B92EBDEE0600CD160B /* Landmarks */;
			targetProxy = 75AE11CB2EBDEE0700CD160B /* PBXContainerItemProxy */;
		};
		75AE11D62EBDEE0700CD160B /* PBXTargetDependency */ = {
			isa = PBXTargetDependency;
			target = 75AE11B92EBDEE0600CD160B /* Landmarks */;
			targetProxy = 75AE11D52EBDEE0700CD160B /* PBXContainerItemProxy */;
		};
/* End PBXTargetDependency section */

/* Begin XCBuildConfiguration section */
		75AE11DC2EBDEE0700CD160B /* Debug */ = {
			isa = XCBuildConfiguration;
			buildSettings = {
				ALWAYS_SEARCH_USER_PATHS = NO;
				ASSETCATALOG_COMPILER_GENERATE_SWIFT_ASSET_SYMBOL_EXTENSIONS = YES;
				CLANG_ANALYZER_NONNULL = YES;
				CLANG_ANALYZER_NUMBER_OBJECT_CONVERSION = YES_AGGRESSIVE;
				CLANG_CXX_LANGUAGE_STANDARD = "gnu++20";
				CLANG_ENABLE_MODULES = YES;
				CLANG_ENABLE_OBJC_ARC = YES;
				CLANG_ENABLE_OBJC_WEAK = YES;
				CLANG_WARN_BLOCK_CAPTURE_AUTORELEASING = YES;
				CLANG_WARN_BOOL_CONVERSION = YES;
				CLANG_WARN_COMMA = YES;
				CLANG_WARN_CONSTANT_CONVERSION = YES;
				CLANG_WARN_DEPRECATED_OBJC_IMPLEMENTATIONS = YES;
				CLANG_WARN_DIRECT_OBJC_ISA_USAGE = YES_ERROR;
				CLANG_WARN_DOCUMENTATION_COMMENTS = YES;
				CLANG_WARN_EMPTY_BODY = YES;
				CLANG_WARN_ENUM_CONVERSION = YES;
				CLANG_WARN_INFINITE_RECURSION = YES;
				CLANG_WARN_INT_CONVERSION = YES;
				CLANG_WARN_NON_LITERAL_NULL_CONVERSION = YES;
				CLANG_WARN_OBJC_IMPLICIT_RETAIN_SELF = YES;
				CLANG_WARN_OBJC_LITERAL_CONVERSION = YES;
				CLANG_WARN_OBJC_ROOT_CLASS = YES_ERROR;
				CLANG_WARN_QUOTED_INCLUDE_IN_FRAMEWORK_HEADER = YES;
				CLANG_WARN_RANGE_LOOP_ANALYSIS = YES;
				CLANG_WARN_STRICT_PROTOTYPES = YES;
				CLANG_WARN_SUSPICIOUS_MOVE = YES;
				CLANG_WARN_UNGUARDED_AVAILABILITY = YES_AGGRESSIVE;
				CLANG_WARN_UNREACHABLE_CODE = YES;
				CLANG_WARN__DUPLICATE_METHOD_MATCH = YES;
				COPY_PHASE_STRIP = NO;
				DEBUG_INFORMATION_FORMAT = dwarf;
				ENABLE_STRICT_OBJC_MSGSEND = YES;
				ENABLE_TESTABILITY = YES;
				ENABLE_USER_SCRIPT_SANDBOXING = YES;
				GCC_C_LANGUAGE_STANDARD = gnu17;
				GCC_DYNAMIC_NO_PIC = NO;
				GCC_NO_COMMON_BLOCKS = YES;
				GCC_OPTIMIZATION_LEVEL = 0;
				GCC_PREPROCESSOR_DEFINITIONS = (
					"DEBUG=1",
					"$(inherited)",
				);
				GCC_WARN_64_TO_32_BIT_CONVERSION = YES;
				GCC_WARN_ABOUT_RETURN_TYPE = YES_ERROR;
				GCC_WARN_UNDECLARED_SELECTOR = YES;
				GCC_WARN_UNINITIALIZED_AUTOS = YES_AGGRESSIVE;
				GCC_WARN_UNUSED_FUNCTION = YES;
				GCC_WARN_UNUSED_VARIABLE = YES;
				IPHONEOS_DEPLOYMENT_TARGET = 17.2;
				LOCALIZATION_PREFERS_STRING_CATALOGS = YES;
				MTL_ENABLE_DEBUG_INFO = INCLUDE_SOURCE;
				MTL_FAST_MATH = YES;
				ONLY_ACTIVE_ARCH = YES;
				SDKROOT = iphoneos;
				SWIFT_ACTIVE_COMPILATION_CONDITIONS = "DEBUG $(inherited)";
				SWIFT_OPTIMIZATION_LEVEL = "-Onone";
			};
			name = Debug;
		};
		75AE11DD2EBDEE0700CD160B /* Release */ = {
			isa = XCBuildConfiguration;
			buildSettings = {
				ALWAYS_SEARCH_USER_PATHS = NO;
				ASSETCATALOG_COMPILER_GENERATE_SWIFT_ASSET_SYMBOL_EXTENSIONS = YES;
				CLANG_ANALYZER_NONNULL = YES;
				CLANG_ANALYZER_NUMBER_OBJECT_CONVERSION = YES_AGGRESSIVE;
				CLANG_CXX_LANGUAGE_STANDARD = "gnu++20";
				CLANG_ENABLE_MODULES = YES;
				CLANG_ENABLE_OBJC_ARC = YES;
				CLANG_ENABLE_OBJC_WEAK = YES;
				CLANG_WARN_BLOCK_CAPTURE_AUTORELEASING = YES;
				CLANG_WARN_BOOL_CONVERSION = YES;
				CLANG_WARN_COMMA = YES;
				CLANG_WARN_CONSTANT_CONVERSION = YES;
				CLANG_WARN_DEPRECATED_OBJC_IMPLEMENTATIONS = YES;
				CLANG_WARN_DIRECT_OBJC_ISA_USAGE = YES_ERROR;
				CLANG_WARN_DOCUMENTATION_COMMENTS = YES;
				CLANG_WARN_EMPTY_BODY = YES;
				CLANG_WARN_ENUM_CONVERSION = YES;
				CLANG_WARN_INFINITE_RECURSION = YES;
				CLANG_WARN_INT_CONVERSION = YES;
				CLANG_WARN_NON_LITERAL_NULL_CONVERSION = YES;
				CLANG_WARN_OBJC_IMPLICIT_RETAIN_SELF = YES;
				CLANG_WARN_OBJC_LITERAL_CONVERSION = YES;
				CLANG_WARN_OBJC_ROOT_CLASS = YES_ERROR;
				CLANG_WARN_QUOTED_INCLUDE_IN_FRAMEWORK_HEADER = YES;
				CLANG_WARN_RANGE_LOOP_ANALYSIS = YES;
				CLANG_WARN_STRICT_PROTOTYPES = YES;
				CLANG_WARN_SUSPICIOUS_MOVE = YES;
				CLANG_WARN_UNGUARDED_AVAILABILITY = YES_AGGRESSIVE;
				CLANG_WARN_UNREACHABLE_CODE = YES;
				CLANG_WARN__DUPLICATE_METHOD_MATCH = YES;
				COPY_PHASE_STRIP = NO;
				DEBUG_INFORMATION_FORMAT = "dwarf-with-dsym";
				ENABLE_NS_ASSERTIONS = NO;
				ENABLE_STRICT_OBJC_MSGSEND = YES;
				ENABLE_USER_SCRIPT_SANDBOXING = YES;
				GCC_C_LANGUAGE_STANDARD = gnu17;
				GCC_NO_COMMON_BLOCKS = YES;
				GCC_WARN_64_TO_32_BIT_CONVERSION = YES;
				GCC_WARN_ABOUT_RETURN_TYPE = YES_ERROR;
				GCC_WARN_UNDECLARED_SELECTOR = YES;
				GCC_WARN_UNINITIALIZED_AUTOS = YES_AGGRESSIVE;
				GCC_WARN_UNUSED_FUNCTION = YES;
				GCC_WARN_UNUSED_VARIABLE = YES;
				IPHONEOS_DEPLOYMENT_TARGET = 17.2;
				LOCALIZATION_PREFERS_STRING_CATALOGS = YES;
				MTL_ENABLE_DEBUG_INFO = NO;
				MTL_FAST_MATH = YES;
				SDKROOT = iphoneos;
				SWIFT_COMPILATION_MODE = wholemodule;
				VALIDATE_PRODUCT = YES;
			};
			name = Release;
		};
		75AE11DF2EBDEE0700CD160B /* Debug */ = {
			isa = XCBuildConfiguration;
			buildSettings = {
				ASSETCATALOG_COMPILER_APPICON_NAME = AppIcon;
				ASSETCATALOG_COMPILER_GLOBAL_ACCENT_COLOR_NAME = AccentColor;
				CODE_SIGN_STYLE = Automatic;
				CURRENT_PROJECT_VERSION = 1;
				DEVELOPMENT_ASSET_PATHS = "\"Landmarks/Preview Content\"";
				ENABLE_PREVIEWS = YES;
				GENERATE_INFOPLIST_FILE = YES;
				INFOPLIST_KEY_UIApplicationSceneManifest_Generation = YES;
				INFOPLIST_KEY_UIApplicationSupportsIndirectInputEvents = YES;
				INFOPLIST_KEY_UILaunchScreen_Generation = YES;
				INFOPLIST_KEY_UISupportedInterfaceOrientations_iPad = "UIInterfaceOrientationPortrait UIInterfaceOrientationPortraitUpsideDown UIInterfaceOrientationLandscapeLeft UIInterfaceOrientationLandscapeRight";
				INFOPLIST_KEY_UISupportedInterfaceOrientations_iPhone = "UIInterfaceOrientationPortrait UIInterfaceOrientationLandscapeLeft UIInterfaceOrientationLandscapeRight";
				LD_RUNPATH_SEARCH_PATHS = (
					"$(inherited)",
					"@executable_path/Frameworks",
				);
				MARKETING_VERSION = 1.0;
				PRODUCT_BUNDLE_IDENTIFIER = name.Imalki.Landmarks;
				PRODUCT_NAME = "$(TARGET_NAME)";
				SWIFT_EMIT_LOC_STRINGS = YES;
				SWIFT_VERSION = 5.0;
				TARGETED_DEVICE_FAMILY = "1,2";
			};
			name = Debug;
		};
		75AE11E02EBDEE0700CD160B /* Release */ = {
			isa = XCBuildConfiguration;
			buildSettings = {
				ASSETCATALOG_COMPILER_APPICON_NAME = AppIcon;
				ASSETCATALOG_COMPILER_GLOBAL_ACCENT_COLOR_NAME = AccentColor;
				CODE_SIGN_STYLE = Automatic;
				CURRENT_PROJECT_VERSION = 1;
				DEVELOPMENT_ASSET_PATHS = "\"Landmarks/Preview Content\"";
				ENABLE_PREVIEWS = YES;
				GENERATE_INFOPLIST_FILE = YES;
				INFOPLIST_KEY_UIApplicationSceneManifest_Generation = YES;
				INFOPLIST_KEY_UIApplicationSupportsIndirectInputEvents = YES;
				INFOPLIST_KEY_UILaunchScreen_Generation = YES;
				INFOPLIST_KEY_UISupportedInterfaceOrientations_iPad = "UIInterfaceOrientationPortrait UIInterfaceOrientationPortraitUpsideDown UIInterfaceOrientationLandscapeLeft UIInterfaceOrientationLandscapeRight";
				INFOPLIST_KEY_UISupportedInterfaceOrientations_iPhone = "UIInterfaceOrientationPortrait UIInterfaceOrientationLandscapeLeft UIInterfaceOrientationLandscapeRight";
				LD_RUNPATH_SEARCH_PATHS = (
					"$(inherited)",
					"@executable_path/Frameworks",
				);
				MARKETING_VERSION = 1.0;
				PRODUCT_BUNDLE_IDENTIFIER = name.Imalki.Landmarks;
				PRODUCT_NAME = "$(TARGET_NAME)";
				SWIFT_EMIT_LOC_STRINGS = YES;
				SWIFT_VERSION = 5.0;
				TARGETED_DEVICE_FAMILY = "1,2";
			};
			name = Release;
		};
		75AE11E22EBDEE0700CD160B /* Debug */ = {
			isa = XCBuildConfiguration;
			buildSettings = {
				ALWAYS_EMBED_SWIFT_STANDARD_LIBRARIES = YES;
				BUNDLE_LOADER = "$(TEST_HOST)";
				CODE_SIGN_STYLE = Automatic;
				CURRENT_PROJECT_VERSION = 1;
				GENERATE_INFOPLIST_FILE = YES;
				IPHONEOS_DEPLOYMENT_TARGET = 17.2;
				MARKETING_VERSION = 1.0;
				PRODUCT_BUNDLE_IDENTIFIER = name.Imalki.LandmarksTests;
				PRODUCT_NAME = "$(TARGET_NAME)";
				SWIFT_EMIT_LOC_STRINGS = NO;
				SWIFT_VERSION = 5.0;
				TARGETED_DEVICE_FAMILY = "1,2";
				TEST_HOST = "$(BUILT_PRODUCTS_DIR)/Landmarks.app/$(BUNDLE_EXECUTABLE_FOLDER_PATH)/Landmarks";
			};
			name = Debug;
		};
		75AE11E32EBDEE0700CD160B /* Release */ = {
			isa = XCBuildConfiguration;
			buildSettings = {
				ALWAYS_EMBED_SWIFT_STANDARD_LIBRARIES = YES;
				BUNDLE_LOADER = "$(TEST_HOST)";
				CODE_SIGN_STYLE = Automatic;
				CURRENT_PROJECT_VERSION = 1;
				GENERATE_INFOPLIST_FILE = YES;
				IPHONEOS_DEPLOYMENT_TARGET = 17.2;
				MARKETING_VERSION = 1.0;
				PRODUCT_BUNDLE_IDENTIFIER = name.Imalki.LandmarksTests;
				PRODUCT_NAME = "$(TARGET_NAME)";
				SWIFT_EMIT_LOC_STRINGS = NO;
				SWIFT_VERSION = 5.0;
				TARGETED_DEVICE_FAMILY = "1,2";
				TEST_HOST = "$(BUILT_PRODUCTS_DIR)/Landmarks.app/$(BUNDLE_EXECUTABLE_FOLDER_PATH)/Landmarks";
			};
			name = Release;
		};
		75AE11E52EBDEE0700CD160B /* Debug */ = {
			isa = XCBuildConfiguration;
			buildSettings = {
				ALWAYS_EMBED_SWIFT_STANDARD_LIBRARIES = YES;
				CODE_SIGN_STYLE = Automatic;
				CURRENT_PROJECT_VERSION = 1;
				GENERATE_INFOPLIST_FILE = YES;
				MARKETING_VERSION = 1.0;
				PRODUCT_BUNDLE_IDENTIFIER = name.Imalki.LandmarksUITests;
				PRODUCT_NAME = "$(TARGET_NAME)";
				SWIFT_EMIT_LOC_STRINGS = NO;
				SWIFT_VERSION = 5.0;
				TARGETED_DEVICE_FAMILY = "1,2";
				TEST_TARGET_NAME = Landmarks;
			};
			name = Debug;
		};
		75AE11E62EBDEE0700CD160B /* Release */ = {
			isa = XCBuildConfiguration;
			buildSettings = {
				ALWAYS_EMBED_SWIFT_STANDARD_LIBRARIES = YES;
				CODE_SIGN_STYLE = Automatic;
				CURRENT_PROJECT_VERSION = 1;
				GENERATE_INFOPLIST_FILE = YES;
				MARKETING_VERSION = 1.0;
				PRODUCT_BUNDLE_IDENTIFIER = name.Imalki.LandmarksUITests;
				PRODUCT_NAME = "$(TARGET_NAME)";
				SWIFT_EMIT_LOC_STRINGS = NO;
				SWIFT_VERSION = 5.0;
				TARGETED_DEVICE_FAMILY = "1,2";
				TEST_TARGET_NAME = Landmarks;
			};
			name = Release;
		};
/* End XCBuildConfiguration section */

/* Begin XCConfigurationList section */
		75AE11B52EBDEE0600CD160B /* Build configuration list for PBXProject "Landmarks" */ = {
			isa = XCConfigurationList;
			buildConfigurations = (
				75AE11DC2EBDEE0700CD160B /* Debug */,
				75AE11DD2EBDEE0700CD160B /* Release */,
			);
			defaultConfigurationIsVisible = 0;
			defaultConfigurationName = Release;
		};
		75AE11DE2EBDEE0700CD160B /* Build configuration list for PBXNativeTarget "Landmarks" */ = {
			isa = XCConfigurationList;
			buildConfigurations = (
				75AE11DF2EBDEE0700CD160B /* Debug */,
				75AE11E02EBDEE0700CD160B /* Release */,
			);
			defaultConfigurationIsVisible = 0;
			defaultConfigurationName = Release;
		};
		75AE11E12EBDEE0700CD160B /* Build configuration list for PBXNativeTarget "LandmarksTests" */ = {
			isa = XCConfigurationList;
			buildConfigurations = (
				75AE11E22EBDEE0700CD160B /* Debug */,
				75AE11E32EBDEE0700CD160B /* Release */,
			);
			defaultConfigurationIsVisible = 0;
			defaultConfigurationName = Release;
		};
		75AE11E42EBDEE0700CD160B /* Build configuration list for PBXNativeTarget "LandmarksUITests" */ = {
			isa = XCConfigurationList;
			buildConfigurations = (
				75AE11E52EBDEE0700CD160B /* Debug */,
				75AE11E62EBDEE0700CD160B /* Release */,
			);
			defaultConfigurationIsVisible = 0;
			defaultConfigurationName = Release;
		};
/* End XCConfigurationList section */
	};
	rootObject = 75AE11B22EBDEE0600CD160B /* Project object */;
}
